dependencies:
- name: loki
  repository: https://grafana.github.io/helm-charts
  version: 6.3.4
- name: alloy
  repository: https://grafana.github.io/helm-charts
  version: 0.1.1
- name: mimir-distributed
  repository: https://grafana.github.io/helm-charts
  version: 5.3.0
- name: tempo-distributed
  repository: https://grafana.github.io/helm-charts
  version: 1.9.4
- name: minio
  repository: https://charts.min.io
  version: 5.2.0
digest: sha256:33c7285f1b517a9de4c15a9cb5e32478e8fd07cba3601fa93f03f4925d792f04
generated: "2024-04-29T07:02:49.713859154Z"
