dependencies:
- name: loki
  repository: https://grafana.github.io/helm-charts
  version: 6.18.0
- name: alloy
  repository: https://grafana.github.io/helm-charts
  version: 0.9.2
- name: mimir-distributed
  repository: https://grafana.github.io/helm-charts
  version: 5.5.1
- name: tempo-distributed
  repository: https://grafana.github.io/helm-charts
  version: 1.20.0
- name: minio
  repository: https://charts.min.io
  version: 5.3.0
digest: sha256:b8f15d28bbeb1ea22f345f968ed2b8e327d9e987dc1a6acc724e4a2fefb316d5
generated: "2024-10-24T07:03:16.580524478Z"
