dependencies:
- name: loki
  repository: https://grafana.github.io/helm-charts
  version: 6.29.0
- name: alloy
  repository: https://grafana.github.io/helm-charts
  version: 1.0.0
- name: mimir-distributed
  repository: https://grafana.github.io/helm-charts
  version: 5.6.0
- name: tempo-distributed
  repository: https://grafana.github.io/helm-charts
  version: 1.35.0
- name: minio
  repository: https://charts.min.io
  version: 5.4.0
digest: sha256:60c5638b93299f9b250e6d1416e54666c94a69f10126eb59dfb0b08ba8c329ae
generated: "2025-04-10T07:03:23.28839802Z"
